// !$*UTF8*$!
{
	archiveVersion = 1;
	classes = {
	};
	objectVersion = 46;
	objects = {

/* Begin PBXBuildFile section */
		DF0FF2361D5F8CA600A5C384 /* SGTopScrollMenuTests.m in Sources */ = {isa = PBXBuildFile; fileRef = DF0FF2351D5F8CA600A5C384 /* SGTopScrollMenuTests.m */; };
		DF0FF2411D5F8CA600A5C384 /* SGTopScrollMenuUITests.m in Sources */ = {isa = PBXBuildFile; fileRef = DF0FF2401D5F8CA600A5C384 /* SGTopScrollMenuUITests.m */; };
		DFFE64B31D637B4A00AB6928 /* AppDelegate.m in Sources */ = {isa = PBXBuildFile; fileRef = DFFE64921D637B4A00AB6928 /* AppDelegate.m */; };
		DFFE64B41D637B4A00AB6928 /* Assets.xcassets in Resources */ = {isa = PBXBuildFile; fileRef = DFFE64931D637B4A00AB6928 /* Assets.xcassets */; };
		DFFE64B51D637B4A00AB6928 /* LaunchScreen.storyboard in Resources */ = {isa = PBXBuildFile; fileRef = DFFE64941D637B4A00AB6928 /* LaunchScreen.storyboard */; };
		DFFE64B61D637B4A00AB6928 /* Main.storyboard in Resources */ = {isa = PBXBuildFile; fileRef = DFFE64961D637B4A00AB6928 /* Main.storyboard */; };
		DFFE64B81D637B4A00AB6928 /* main.m in Sources */ = {isa = PBXBuildFile; fileRef = DFFE64991D637B4A00AB6928 /* main.m */; };
		DFFE64B91D637B4A00AB6928 /* MainViewController.m in Sources */ = {isa = PBXBuildFile; fileRef = DFFE649B1D637B4A00AB6928 /* MainViewController.m */; };
		DFFE64BC1D637B4A00AB6928 /* Test7VC.m in Sources */ = {isa = PBXBuildFile; fileRef = DFFE64A21D637B4A00AB6928 /* Test7VC.m */; };
		DFFE64BD1D637B4A00AB6928 /* Test8VC.m in Sources */ = {isa = PBXBuildFile; fileRef = DFFE64A41D637B4A00AB6928 /* Test8VC.m */; };
		DFFE64BE1D637B4A00AB6928 /* Test9VC.m in Sources */ = {isa = PBXBuildFile; fileRef = DFFE64A61D637B4A00AB6928 /* Test9VC.m */; };
		DFFE64BF1D637B4A00AB6928 /* TestFiveVC.m in Sources */ = {isa = PBXBuildFile; fileRef = DFFE64A81D637B4A00AB6928 /* TestFiveVC.m */; };
		DFFE64C01D637B4A00AB6928 /* TestFourVC.m in Sources */ = {isa = PBXBuildFile; fileRef = DFFE64AA1D637B4A00AB6928 /* TestFourVC.m */; };
		DFFE64C11D637B4A00AB6928 /* TestOneVC.m in Sources */ = {isa = PBXBuildFile; fileRef = DFFE64AC1D637B4A00AB6928 /* TestOneVC.m */; };
		DFFE64C21D637B4A00AB6928 /* TestSixVC.m in Sources */ = {isa = PBXBuildFile; fileRef = DFFE64AE1D637B4A00AB6928 /* TestSixVC.m */; };
		DFFE64C31D637B4A00AB6928 /* TestThreeVC.m in Sources */ = {isa = PBXBuildFile; fileRef = DFFE64B01D637B4A00AB6928 /* TestThreeVC.m */; };
		DFFE64C41D637B4A00AB6928 /* TestTwoVC.m in Sources */ = {isa = PBXBuildFile; fileRef = DFFE64B21D637B4A00AB6928 /* TestTwoVC.m */; };
		DFFE64D41D637BE600AB6928 /* Info.plist in Resources */ = {isa = PBXBuildFile; fileRef = DFFE64CF1D637BE600AB6928 /* Info.plist */; };
		DFFE64D51D637BE600AB6928 /* SGTopScrollMenu.m in Sources */ = {isa = PBXBuildFile; fileRef = DFFE64D11D637BE600AB6928 /* SGTopScrollMenu.m */; };
		DFFE64D61D637BE600AB6928 /* UIView+SGExtension.m in Sources */ = {isa = PBXBuildFile; fileRef = DFFE64D31D637BE600AB6928 /* UIView+SGExtension.m */; };
/* End PBXBuildFile section */

/* Begin PBXContainerItemProxy section */
		DF0FF2321D5F8CA600A5C384 /* PBXContainerItemProxy */ = {
			isa = PBXContainerItemProxy;
			containerPortal = DF0FF2101D5F8CA600A5C384 /* Project object */;
			proxyType = 1;
			remoteGlobalIDString = DF0FF2171D5F8CA600A5C384;
			remoteInfo = SGTopScrollMenu;
		};
		DF0FF23D1D5F8CA600A5C384 /* PBXContainerItemProxy */ = {
			isa = PBXContainerItemProxy;
			containerPortal = DF0FF2101D5F8CA600A5C384 /* Project object */;
			proxyType = 1;
			remoteGlobalIDString = DF0FF2171D5F8CA600A5C384;
			remoteInfo = SGTopScrollMenu;
		};
/* End PBXContainerItemProxy section */

/* Begin PBXFileReference section */
		DF0FF2181D5F8CA600A5C384 /* SGTopScrollMenu.app */ = {isa = PBXFileReference; explicitFileType = wrapper.application; includeInIndex = 0; path = SGTopScrollMenu.app; sourceTree = BUILT_PRODUCTS_DIR; };
		DF0FF2311D5F8CA600A5C384 /* SGTopScrollMenuTests.xctest */ = {isa = PBXFileReference; explicitFileType = wrapper.cfbundle; includeInIndex = 0; path = SGTopScrollMenuTests.xctest; sourceTree = BUILT_PRODUCTS_DIR; };
		DF0FF2351D5F8CA600A5C384 /* SGTopScrollMenuTests.m */ = {isa = PBXFileReference; lastKnownFileType = sourcecode.c.objc; path = SGTopScrollMenuTests.m; sourceTree = "<group>"; };
		DF0FF2371D5F8CA600A5C384 /* Info.plist */ = {isa = PBXFileReference; lastKnownFileType = text.plist.xml; path = Info.plist; sourceTree = "<group>"; };
		DF0FF23C1D5F8CA600A5C384 /* SGTopScrollMenuUITests.xctest */ = {isa = PBXFileReference; explicitFileType = wrapper.cfbundle; includeInIndex = 0; path = SGTopScrollMenuUITests.xctest; sourceTree = BUILT_PRODUCTS_DIR; };
		DF0FF2401D5F8CA600A5C384 /* SGTopScrollMenuUITests.m */ = {isa = PBXFileReference; lastKnownFileType = sourcecode.c.objc; path = SGTopScrollMenuUITests.m; sourceTree = "<group>"; };
		DF0FF2421D5F8CA600A5C384 /* Info.plist */ = {isa = PBXFileReference; lastKnownFileType = text.plist.xml; path = Info.plist; sourceTree = "<group>"; };
		DFFE64911D637B4A00AB6928 /* AppDelegate.h */ = {isa = PBXFileReference; fileEncoding = 4; lastKnownFileType = sourcecode.c.h; path = AppDelegate.h; sourceTree = "<group>"; };
		DFFE64921D637B4A00AB6928 /* AppDelegate.m */ = {isa = PBXFileReference; fileEncoding = 4; lastKnownFileType = sourcecode.c.objc; path = AppDelegate.m; sourceTree = "<group>"; };
		DFFE64931D637B4A00AB6928 /* Assets.xcassets */ = {isa = PBXFileReference; lastKnownFileType = folder.assetcatalog; path = Assets.xcassets; sourceTree = "<group>"; };
		DFFE64951D637B4A00AB6928 /* Base */ = {isa = PBXFileReference; lastKnownFileType = file.storyboard; name = Base; path = Base.lproj/LaunchScreen.storyboard; sourceTree = "<group>"; };
		DFFE64971D637B4A00AB6928 /* Base */ = {isa = PBXFileReference; lastKnownFileType = file.storyboard; name = Base; path = Base.lproj/Main.storyboard; sourceTree = "<group>"; };
		DFFE64991D637B4A00AB6928 /* main.m */ = {isa = PBXFileReference; fileEncoding = 4; lastKnownFileType = sourcecode.c.objc; path = main.m; sourceTree = "<group>"; };
		DFFE649A1D637B4A00AB6928 /* MainViewController.h */ = {isa = PBXFileReference; fileEncoding = 4; lastKnownFileType = sourcecode.c.h; path = MainViewController.h; sourceTree = "<group>"; };
		DFFE649B1D637B4A00AB6928 /* MainViewController.m */ = {isa = PBXFileReference; fileEncoding = 4; lastKnownFileType = sourcecode.c.objc; path = MainViewController.m; sourceTree = "<group>"; };
		DFFE64A11D637B4A00AB6928 /* Test7VC.h */ = {isa = PBXFileReference; fileEncoding = 4; lastKnownFileType = sourcecode.c.h; path = Test7VC.h; sourceTree = "<group>"; };
		DFFE64A21D637B4A00AB6928 /* Test7VC.m */ = {isa = PBXFileReference; fileEncoding = 4; lastKnownFileType = sourcecode.c.objc; path = Test7VC.m; sourceTree = "<group>"; };
		DFFE64A31D637B4A00AB6928 /* Test8VC.h */ = {isa = PBXFileReference; fileEncoding = 4; lastKnownFileType = sourcecode.c.h; path = Test8VC.h; sourceTree = "<group>"; };
		DFFE64A41D637B4A00AB6928 /* Test8VC.m */ = {isa = PBXFileReference; fileEncoding = 4; lastKnownFileType = sourcecode.c.objc; path = Test8VC.m; sourceTree = "<group>"; };
		DFFE64A51D637B4A00AB6928 /* Test9VC.h */ = {isa = PBXFileReference; fileEncoding = 4; lastKnownFileType = sourcecode.c.h; path = Test9VC.h; sourceTree = "<group>"; };
		DFFE64A61D637B4A00AB6928 /* Test9VC.m */ = {isa = PBXFileReference; fileEncoding = 4; lastKnownFileType = sourcecode.c.objc; path = Test9VC.m; sourceTree = "<group>"; };
		DFFE64A71D637B4A00AB6928 /* TestFiveVC.h */ = {isa = PBXFileReference; fileEncoding = 4; lastKnownFileType = sourcecode.c.h; path = TestFiveVC.h; sourceTree = "<group>"; };
		DFFE64A81D637B4A00AB6928 /* TestFiveVC.m */ = {isa = PBXFileReference; fileEncoding = 4; lastKnownFileType = sourcecode.c.objc; path = TestFiveVC.m; sourceTree = "<group>"; };
		DFFE64A91D637B4A00AB6928 /* TestFourVC.h */ = {isa = PBXFileReference; fileEncoding = 4; lastKnownFileType = sourcecode.c.h; path = TestFourVC.h; sourceTree = "<group>"; };
		DFFE64AA1D637B4A00AB6928 /* TestFourVC.m */ = {isa = PBXFileReference; fileEncoding = 4; lastKnownFileType = sourcecode.c.objc; path = TestFourVC.m; sourceTree = "<group>"; };
		DFFE64AB1D637B4A00AB6928 /* TestOneVC.h */ = {isa = PBXFileReference; fileEncoding = 4; lastKnownFileType = sourcecode.c.h; path = TestOneVC.h; sourceTree = "<group>"; };
		DFFE64AC1D637B4A00AB6928 /* TestOneVC.m */ = {isa = PBXFileReference; fileEncoding = 4; lastKnownFileType = sourcecode.c.objc; path = TestOneVC.m; sourceTree = "<group>"; };
		DFFE64AD1D637B4A00AB6928 /* TestSixVC.h */ = {isa = PBXFileReference; fileEncoding = 4; lastKnownFileType = sourcecode.c.h; path = TestSixVC.h; sourceTree = "<group>"; };
		DFFE64AE1D637B4A00AB6928 /* TestSixVC.m */ = {isa = PBXFileReference; fileEncoding = 4; lastKnownFileType = sourcecode.c.objc; path = TestSixVC.m; sourceTree = "<group>"; };
		DFFE64AF1D637B4A00AB6928 /* TestThreeVC.h */ = {isa = PBXFileReference; fileEncoding = 4; lastKnownFileType = sourcecode.c.h; path = TestThreeVC.h; sourceTree = "<group>"; };
		DFFE64B01D637B4A00AB6928 /* TestThreeVC.m */ = {isa = PBXFileReference; fileEncoding = 4; lastKnownFileType = sourcecode.c.objc; path = TestThreeVC.m; sourceTree = "<group>"; };
		DFFE64B11D637B4A00AB6928 /* TestTwoVC.h */ = {isa = PBXFileReference; fileEncoding = 4; lastKnownFileType = sourcecode.c.h; path = TestTwoVC.h; sourceTree = "<group>"; };
		DFFE64B21D637B4A00AB6928 /* TestTwoVC.m */ = {isa = PBXFileReference; fileEncoding = 4; lastKnownFileType = sourcecode.c.objc; path = TestTwoVC.m; sourceTree = "<group>"; };
		DFFE64CF1D637BE600AB6928 /* Info.plist */ = {isa = PBXFileReference; fileEncoding = 4; lastKnownFileType = text.plist.xml; path = Info.plist; sourceTree = "<group>"; };
		DFFE64D01D637BE600AB6928 /* SGTopScrollMenu.h */ = {isa = PBXFileReference; fileEncoding = 4; lastKnownFileType = sourcecode.c.h; path = SGTopScrollMenu.h; sourceTree = "<group>"; };
		DFFE64D11D637BE600AB6928 /* SGTopScrollMenu.m */ = {isa = PBXFileReference; fileEncoding = 4; lastKnownFileType = sourcecode.c.objc; path = SGTopScrollMenu.m; sourceTree = "<group>"; };
		DFFE64D21D637BE600AB6928 /* UIView+SGExtension.h */ = {isa = PBXFileReference; fileEncoding = 4; lastKnownFileType = sourcecode.c.h; path = "UIView+SGExtension.h"; sourceTree = "<group>"; };
		DFFE64D31D637BE600AB6928 /* UIView+SGExtension.m */ = {isa = PBXFileReference; fileEncoding = 4; lastKnownFileType = sourcecode.c.objc; path = "UIView+SGExtension.m"; sourceTree = "<group>"; };
/* End PBXFileReference section */

/* Begin PBXFrameworksBuildPhase section */
		DF0FF2151D5F8CA600A5C384 /* Frameworks */ = {
			isa = PBXFrameworksBuildPhase;
			buildActionMask = 2147483647;
			files = (
			);
			runOnlyForDeploymentPostprocessing = 0;
		};
		DF0FF22E1D5F8CA600A5C384 /* Frameworks */ = {
			isa = PBXFrameworksBuildPhase;
			buildActionMask = 2147483647;
			files = (
			);
			runOnlyForDeploymentPostprocessing = 0;
		};
		DF0FF2391D5F8CA600A5C384 /* Frameworks */ = {
			isa = PBXFrameworksBuildPhase;
			buildActionMask = 2147483647;
			files = (
			);
			runOnlyForDeploymentPostprocessing = 0;
		};
/* End PBXFrameworksBuildPhase section */

/* Begin PBXGroup section */
		DF0FF20F1D5F8CA600A5C384 = {
			isa = PBXGroup;
			children = (
				DFFE64CE1D637BE600AB6928 /* SGTopScrollMenu */,
				DFFE64901D637B4A00AB6928 /* Example */,
				DF0FF2341D5F8CA600A5C384 /* SGTopScrollMenuTests */,
				DF0FF23F1D5F8CA600A5C384 /* SGTopScrollMenuUITests */,
				DF0FF2191D5F8CA600A5C384 /* Products */,
			);
			sourceTree = "<group>";
		};
		DF0FF2191D5F8CA600A5C384 /* Products */ = {
			isa = PBXGroup;
			children = (
				DF0FF2181D5F8CA600A5C384 /* SGTopScrollMenu.app */,
				DF0FF2311D5F8CA600A5C384 /* SGTopScrollMenuTests.xctest */,
				DF0FF23C1D5F8CA600A5C384 /* SGTopScrollMenuUITests.xctest */,
			);
			name = Products;
			sourceTree = "<group>";
		};
		DF0FF2341D5F8CA600A5C384 /* SGTopScrollMenuTests */ = {
			isa = PBXGroup;
			children = (
				DF0FF2351D5F8CA600A5C384 /* SGTopScrollMenuTests.m */,
				DF0FF2371D5F8CA600A5C384 /* Info.plist */,
			);
			path = SGTopScrollMenuTests;
			sourceTree = "<group>";
		};
		DF0FF23F1D5F8CA600A5C384 /* SGTopScrollMenuUITests */ = {
			isa = PBXGroup;
			children = (
				DF0FF2401D5F8CA600A5C384 /* SGTopScrollMenuUITests.m */,
				DF0FF2421D5F8CA600A5C384 /* Info.plist */,
			);
			path = SGTopScrollMenuUITests;
			sourceTree = "<group>";
		};
		DFFE64901D637B4A00AB6928 /* Example */ = {
			isa = PBXGroup;
			children = (
				DFFE64911D637B4A00AB6928 /* AppDelegate.h */,
				DFFE64921D637B4A00AB6928 /* AppDelegate.m */,
				DFFE649A1D637B4A00AB6928 /* MainViewController.h */,
				DFFE649B1D637B4A00AB6928 /* MainViewController.m */,
				DFFE64A11D637B4A00AB6928 /* Test7VC.h */,
				DFFE64A21D637B4A00AB6928 /* Test7VC.m */,
				DFFE64A31D637B4A00AB6928 /* Test8VC.h */,
				DFFE64A41D637B4A00AB6928 /* Test8VC.m */,
				DFFE64A51D637B4A00AB6928 /* Test9VC.h */,
				DFFE64A61D637B4A00AB6928 /* Test9VC.m */,
				DFFE64A71D637B4A00AB6928 /* TestFiveVC.h */,
				DFFE64A81D637B4A00AB6928 /* TestFiveVC.m */,
				DFFE64A91D637B4A00AB6928 /* TestFourVC.h */,
				DFFE64AA1D637B4A00AB6928 /* TestFourVC.m */,
				DFFE64AB1D637B4A00AB6928 /* TestOneVC.h */,
				DFFE64AC1D637B4A00AB6928 /* TestOneVC.m */,
				DFFE64AD1D637B4A00AB6928 /* TestSixVC.h */,
				DFFE64AE1D637B4A00AB6928 /* TestSixVC.m */,
				DFFE64AF1D637B4A00AB6928 /* TestThreeVC.h */,
				DFFE64B01D637B4A00AB6928 /* TestThreeVC.m */,
				DFFE64B11D637B4A00AB6928 /* TestTwoVC.h */,
				DFFE64B21D637B4A00AB6928 /* TestTwoVC.m */,
				DFFE64931D637B4A00AB6928 /* Assets.xcassets */,
				DFFE64941D637B4A00AB6928 /* LaunchScreen.storyboard */,
				DFFE64961D637B4A00AB6928 /* Main.storyboard */,
				DFFE64991D637B4A00AB6928 /* main.m */,
			);
			path = Example;
			sourceTree = "<group>";
		};
		DFFE64CE1D637BE600AB6928 /* SGTopScrollMenu */ = {
			isa = PBXGroup;
			children = (
				DFFE64CF1D637BE600AB6928 /* Info.plist */,
				DFFE64D01D637BE600AB6928 /* SGTopScrollMenu.h */,
				DFFE64D11D637BE600AB6928 /* SGTopScrollMenu.m */,
				DFFE64D21D637BE600AB6928 /* UIView+SGExtension.h */,
				DFFE64D31D637BE600AB6928 /* UIView+SGExtension.m */,
			);
			path = SGTopScrollMenu;
			sourceTree = "<group>";
		};
/* End PBXGroup section */

/* Begin PBXNativeTarget section */
		DF0FF2171D5F8CA600A5C384 /* SGTopScrollMenu */ = {
			isa = PBXNativeTarget;
			buildConfigurationList = DF0FF2451D5F8CA600A5C384 /* Build configuration list for PBXNativeTarget "SGTopScrollMenu" */;
			buildPhases = (
				DF0FF2141D5F8CA600A5C384 /* Sources */,
				DF0FF2151D5F8CA600A5C384 /* Frameworks */,
				DF0FF2161D5F8CA600A5C384 /* Resources */,
			);
			buildRules = (
			);
			dependencies = (
			);
			name = SGTopScrollMenu;
			productName = SGTopScrollMenu;
			productReference = DF0FF2181D5F8CA600A5C384 /* SGTopScrollMenu.app */;
			productType = "com.apple.product-type.application";
		};
		DF0FF2301D5F8CA600A5C384 /* SGTopScrollMenuTests */ = {
			isa = PBXNativeTarget;
			buildConfigurationList = DF0FF2481D5F8CA600A5C384 /* Build configuration list for PBXNativeTarget "SGTopScrollMenuTests" */;
			buildPhases = (
				DF0FF22D1D5F8CA600A5C384 /* Sources */,
				DF0FF22E1D5F8CA600A5C384 /* Frameworks */,
				DF0FF22F1D5F8CA600A5C384 /* Resources */,
			);
			buildRules = (
			);
			dependencies = (
				DF0FF2331D5F8CA600A5C384 /* PBXTargetDependency */,
			);
			name = SGTopScrollMenuTests;
			productName = SGTopScrollMenuTests;
			productReference = DF0FF2311D5F8CA600A5C384 /* SGTopScrollMenuTests.xctest */;
			productType = "com.apple.product-type.bundle.unit-test";
		};
		DF0FF23B1D5F8CA600A5C384 /* SGTopScrollMenuUITests */ = {
			isa = PBXNativeTarget;
			buildConfigurationList = DF0FF24B1D5F8CA600A5C384 /* Build configuration list for PBXNativeTarget "SGTopScrollMenuUITests" */;
			buildPhases = (
				DF0FF2381D5F8CA600A5C384 /* Sources */,
				DF0FF2391D5F8CA600A5C384 /* Frameworks */,
				DF0FF23A1D5F8CA600A5C384 /* Resources */,
			);
			buildRules = (
			);
			dependencies = (
				DF0FF23E1D5F8CA600A5C384 /* PBXTargetDependency */,
			);
			name = SGTopScrollMenuUITests;
			productName = SGTopScrollMenuUITests;
			productReference = DF0FF23C1D5F8CA600A5C384 /* SGTopScrollMenuUITests.xctest */;
			productType = "com.apple.product-type.bundle.ui-testing";
		};
/* End PBXNativeTarget section */

/* Begin PBXProject section */
		DF0FF2101D5F8CA600A5C384 /* Project object */ = {
			isa = PBXProject;
			attributes = {
				LastUpgradeCheck = 0730;
				ORGANIZATIONNAME = JP_lee;
				TargetAttributes = {
					DF0FF2171D5F8CA600A5C384 = {
						CreatedOnToolsVersion = 7.3.1;
					};
					DF0FF2301D5F8CA600A5C384 = {
						CreatedOnToolsVersion = 7.3.1;
						TestTargetID = DF0FF2171D5F8CA600A5C384;
					};
					DF0FF23B1D5F8CA600A5C384 = {
						CreatedOnToolsVersion = 7.3.1;
						TestTargetID = DF0FF2171D5F8CA600A5C384;
					};
				};
			};
			buildConfigurationList = DF0FF2131D5F8CA600A5C384 /* Build configuration list for PBXProject "SGTopScrollMenu" */;
			compatibilityVersion = "Xcode 3.2";
			developmentRegion = English;
			hasScannedForEncodings = 0;
			knownRegions = (
				en,
				Base,
			);
			mainGroup = DF0FF20F1D5F8CA600A5C384;
			productRefGroup = DF0FF2191D5F8CA600A5C384 /* Products */;
			projectDirPath = "";
			projectRoot = "";
			targets = (
				DF0FF2171D5F8CA600A5C384 /* SGTopScrollMenu */,
				DF0FF2301D5F8CA600A5C384 /* SGTopScrollMenuTests */,
				DF0FF23B1D5F8CA600A5C384 /* SGTopScrollMenuUITests */,
			);
		};
/* End PBXProject section */

/* Begin PBXResourcesBuildPhase section */
		DF0FF2161D5F8CA600A5C384 /* Resources */ = {
			isa = PBXResourcesBuildPhase;
			buildActionMask = 2147483647;
			files = (
				DFFE64D41D637BE600AB6928 /* Info.plist in Resources */,
				DFFE64B61D637B4A00AB6928 /* Main.storyboard in Resources */,
				DFFE64B41D637B4A00AB6928 /* Assets.xcassets in Resources */,
				DFFE64B51D637B4A00AB6928 /* LaunchScreen.storyboard in Resources */,
			);
			runOnlyForDeploymentPostprocessing = 0;
		};
		DF0FF22F1D5F8CA600A5C384 /* Resources */ = {
			isa = PBXResourcesBuildPhase;
			buildActionMask = 2147483647;
			files = (
			);
			runOnlyForDeploymentPostprocessing = 0;
		};
		DF0FF23A1D5F8CA600A5C384 /* Resources */ = {
			isa = PBXResourcesBuildPhase;
			buildActionMask = 2147483647;
			files = (
			);
			runOnlyForDeploymentPostprocessing = 0;
		};
/* End PBXResourcesBuildPhase section */

/* Begin PBXSourcesBuildPhase section */
		DF0FF2141D5F8CA600A5C384 /* Sources */ = {
			isa = PBXSourcesBuildPhase;
			buildActionMask = 2147483647;
			files = (
				DFFE64D61D637BE600AB6928 /* UIView+SGExtension.m in Sources */,
				DFFE64BC1D637B4A00AB6928 /* Test7VC.m in Sources */,
				DFFE64B81D637B4A00AB6928 /* main.m in Sources */,
				DFFE64BF1D637B4A00AB6928 /* TestFiveVC.m in Sources */,
				DFFE64C01D637B4A00AB6928 /* TestFourVC.m in Sources */,
				DFFE64B91D637B4A00AB6928 /* MainViewController.m in Sources */,
				DFFE64BD1D637B4A00AB6928 /* Test8VC.m in Sources */,
				DFFE64B31D637B4A00AB6928 /* AppDelegate.m in Sources */,
				DFFE64C11D637B4A00AB6928 /* TestOneVC.m in Sources */,
				DFFE64BE1D637B4A00AB6928 /* Test9VC.m in Sources */,
				DFFE64D51D637BE600AB6928 /* SGTopScrollMenu.m in Sources */,
				DFFE64C31D637B4A00AB6928 /* TestThreeVC.m in Sources */,
				DFFE64C21D637B4A00AB6928 /* TestSixVC.m in Sources */,
				DFFE64C41D637B4A00AB6928 /* TestTwoVC.m in Sources */,
			);
			runOnlyForDeploymentPostprocessing = 0;
		};
		DF0FF22D1D5F8CA600A5C384 /* Sources */ = {
			isa = PBXSourcesBuildPhase;
			buildActionMask = 2147483647;
			files = (
				DF0FF2361D5F8CA600A5C384 /* SGTopScrollMenuTests.m in Sources */,
			);
			runOnlyForDeploymentPostprocessing = 0;
		};
		DF0FF2381D5F8CA600A5C384 /* Sources */ = {
			isa = PBXSourcesBuildPhase;
			buildActionMask = 2147483647;
			files = (
				DF0FF2411D5F8CA600A5C384 /* SGTopScrollMenuUITests.m in Sources */,
			);
			runOnlyForDeploymentPostprocessing = 0;
		};
/* End PBXSourcesBuildPhase section */

/* Begin PBXTargetDependency section */
		DF0FF2331D5F8CA600A5C384 /* PBXTargetDependency */ = {
			isa = PBXTargetDependency;
			target = DF0FF2171D5F8CA600A5C384 /* SGTopScrollMenu */;
			targetProxy = DF0FF2321D5F8CA600A5C384 /* PBXContainerItemProxy */;
		};
		DF0FF23E1D5F8CA600A5C384 /* PBXTargetDependency */ = {
			isa = PBXTargetDependency;
			target = DF0FF2171D5F8CA600A5C384 /* SGTopScrollMenu */;
			targetProxy = DF0FF23D1D5F8CA600A5C384 /* PBXContainerItemProxy */;
		};
/* End PBXTargetDependency section */

/* Begin PBXVariantGroup section */
		DFFE64941D637B4A00AB6928 /* LaunchScreen.storyboard */ = {
			isa = PBXVariantGroup;
			children = (
				DFFE64951D637B4A00AB6928 /* Base */,
			);
			name = LaunchScreen.storyboard;
			sourceTree = "<group>";
		};
		DFFE64961D637B4A00AB6928 /* Main.storyboard */ = {
			isa = PBXVariantGroup;
			children = (
				DFFE64971D637B4A00AB6928 /* Base */,
			);
			name = Main.storyboard;
			sourceTree = "<group>";
		};
/* End PBXVariantGroup section */

/* Begin XCBuildConfiguration section */
		DF0FF2431D5F8CA600A5C384 /* Debug */ = {
			isa = XCBuildConfiguration;
			buildSettings = {
				ALWAYS_SEARCH_USER_PATHS = NO;
				CLANG_ANALYZER_NONNULL = YES;
				CLANG_CXX_LANGUAGE_STANDARD = "gnu++0x";
				CLANG_CXX_LIBRARY = "libc++";
				CLANG_ENABLE_MODULES = YES;
				CLANG_ENABLE_OBJC_ARC = YES;
				CLANG_WARN_BOOL_CONVERSION = YES;
				CLANG_WARN_CONSTANT_CONVERSION = YES;
				CLANG_WARN_DIRECT_OBJC_ISA_USAGE = YES_ERROR;
				CLANG_WARN_EMPTY_BODY = YES;
				CLANG_WARN_ENUM_CONVERSION = YES;
				CLANG_WARN_INT_CONVERSION = YES;
				CLANG_WARN_OBJC_ROOT_CLASS = YES_ERROR;
				CLANG_WARN_UNREACHABLE_CODE = YES;
				CLANG_WARN__DUPLICATE_METHOD_MATCH = YES;
				"CODE_SIGN_IDENTITY[sdk=iphoneos*]" = "iPhone Developer";
				COPY_PHASE_STRIP = NO;
				DEBUG_INFORMATION_FORMAT = dwarf;
				ENABLE_STRICT_OBJC_MSGSEND = YES;
				ENABLE_TESTABILITY = YES;
				GCC_C_LANGUAGE_STANDARD = gnu99;
				GCC_DYNAMIC_NO_PIC = NO;
				GCC_NO_COMMON_BLOCKS = YES;
				GCC_OPTIMIZATION_LEVEL = 0;
				GCC_PREPROCESSOR_DEFINITIONS = (
					"DEBUG=1",
					"$(inherited)",
				);
				GCC_WARN_64_TO_32_BIT_CONVERSION = YES;
				GCC_WARN_ABOUT_RETURN_TYPE = YES_ERROR;
				GCC_WARN_UNDECLARED_SELECTOR = YES;
				GCC_WARN_UNINITIALIZED_AUTOS = YES_AGGRESSIVE;
				GCC_WARN_UNUSED_FUNCTION = YES;
				GCC_WARN_UNUSED_VARIABLE = YES;
				IPHONEOS_DEPLOYMENT_TARGET = 9.3;
				MTL_ENABLE_DEBUG_INFO = YES;
				ONLY_ACTIVE_ARCH = YES;
				SDKROOT = iphoneos;
				TARGETED_DEVICE_FAMILY = "1,2";
			};
			name = Debug;
		};
		DF0FF2441D5F8CA600A5C384 /* Release */ = {
			isa = XCBuildConfiguration;
			buildSettings = {
				ALWAYS_SEARCH_USER_PATHS = NO;
				CLANG_ANALYZER_NONNULL = YES;
				CLANG_CXX_LANGUAGE_STANDARD = "gnu++0x";
				CLANG_CXX_LIBRARY = "libc++";
				CLANG_ENABLE_MODULES = YES;
				CLANG_ENABLE_OBJC_ARC = YES;
				CLANG_WARN_BOOL_CONVERSION = YES;
				CLANG_WARN_CONSTANT_CONVERSION = YES;
				CLANG_WARN_DIRECT_OBJC_ISA_USAGE = YES_ERROR;
				CLANG_WARN_EMPTY_BODY = YES;
				CLANG_WARN_ENUM_CONVERSION = YES;
				CLANG_WARN_INT_CONVERSION = YES;
				CLANG_WARN_OBJC_ROOT_CLASS = YES_ERROR;
				CLANG_WARN_UNREACHABLE_CODE = YES;
				CLANG_WARN__DUPLICATE_METHOD_MATCH = YES;
				"CODE_SIGN_IDENTITY[sdk=iphoneos*]" = "iPhone Developer";
				COPY_PHASE_STRIP = NO;
				DEBUG_INFORMATION_FORMAT = "dwarf-with-dsym";
				ENABLE_NS_ASSERTIONS = NO;
				ENABLE_STRICT_OBJC_MSGSEND = YES;
				GCC_C_LANGUAGE_STANDARD = gnu99;
				GCC_NO_COMMON_BLOCKS = YES;
				GCC_WARN_64_TO_32_BIT_CONVERSION = YES;
				GCC_WARN_ABOUT_RETURN_TYPE = YES_ERROR;
				GCC_WARN_UNDECLARED_SELECTOR = YES;
				GCC_WARN_UNINITIALIZED_AUTOS = YES_AGGRESSIVE;
				GCC_WARN_UNUSED_FUNCTION = YES;
				GCC_WARN_UNUSED_VARIABLE = YES;
				IPHONEOS_DEPLOYMENT_TARGET = 9.3;
				MTL_ENABLE_DEBUG_INFO = NO;
				SDKROOT = iphoneos;
				TARGETED_DEVICE_FAMILY = "1,2";
				VALIDATE_PRODUCT = YES;
			};
			name = Release;
		};
		DF0FF2461D5F8CA600A5C384 /* Debug */ = {
			isa = XCBuildConfiguration;
			buildSettings = {
				ASSETCATALOG_COMPILER_APPICON_NAME = AppIcon;
				INFOPLIST_FILE = SGTopScrollMenu/Info.plist;
				LD_RUNPATH_SEARCH_PATHS = "$(inherited) @executable_path/Frameworks";
				PRODUCT_BUNDLE_IDENTIFIER = com.lemiao..SGTopScrollMenu;
				PRODUCT_NAME = "$(TARGET_NAME)";
			};
			name = Debug;
		};
		DF0FF2471D5F8CA600A5C384 /* Release */ = {
			isa = XCBuildConfiguration;
			buildSettings = {
				ASSETCATALOG_COMPILER_APPICON_NAME = AppIcon;
				INFOPLIST_FILE = SGTopScrollMenu/Info.plist;
				LD_RUNPATH_SEARCH_PATHS = "$(inherited) @executable_path/Frameworks";
				PRODUCT_BUNDLE_IDENTIFIER = com.lemiao..SGTopScrollMenu;
				PRODUCT_NAME = "$(TARGET_NAME)";
			};
			name = Release;
		};
		DF0FF2491D5F8CA600A5C384 /* Debug */ = {
			isa = XCBuildConfiguration;
			buildSettings = {
				BUNDLE_LOADER = "$(TEST_HOST)";
				INFOPLIST_FILE = SGTopScrollMenuTests/Info.plist;
				LD_RUNPATH_SEARCH_PATHS = "$(inherited) @executable_path/Frameworks @loader_path/Frameworks";
				PRODUCT_BUNDLE_IDENTIFIER = com.lemiao..SGTopScrollMenuTests;
				PRODUCT_NAME = "$(TARGET_NAME)";
				TEST_HOST = "$(BUILT_PRODUCTS_DIR)/SGTopScrollMenu.app/SGTopScrollMenu";
			};
			name = Debug;
		};
		DF0FF24A1D5F8CA600A5C384 /* Release */ = {
			isa = XCBuildConfiguration;
			buildSettings = {
				BUNDLE_LOADER = "$(TEST_HOST)";
				INFOPLIST_FILE = SGTopScrollMenuTests/Info.plist;
				LD_RUNPATH_SEARCH_PATHS = "$(inherited) @executable_path/Frameworks @loader_path/Frameworks";
				PRODUCT_BUNDLE_IDENTIFIER = com.lemiao..SGTopScrollMenuTests;
				PRODUCT_NAME = "$(TARGET_NAME)";
				TEST_HOST = "$(BUILT_PRODUCTS_DIR)/SGTopScrollMenu.app/SGTopScrollMenu";
			};
			name = Release;
		};
		DF0FF24C1D5F8CA600A5C384 /* Debug */ = {
			isa = XCBuildConfiguration;
			buildSettings = {
				INFOPLIST_FILE = SGTopScrollMenuUITests/Info.plist;
				LD_RUNPATH_SEARCH_PATHS = "$(inherited) @executable_path/Frameworks @loader_path/Frameworks";
				PRODUCT_BUNDLE_IDENTIFIER = com.lemiao..SGTopScrollMenuUITests;
				PRODUCT_NAME = "$(TARGET_NAME)";
				TEST_TARGET_NAME = SGTopScrollMenu;
			};
			name = Debug;
		};
		DF0FF24D1D5F8CA600A5C384 /* Release */ = {
			isa = XCBuildConfiguration;
			buildSettings = {
				INFOPLIST_FILE = SGTopScrollMenuUITests/Info.plist;
				LD_RUNPATH_SEARCH_PATHS = "$(inherited) @executable_path/Frameworks @loader_path/Frameworks";
				PRODUCT_BUNDLE_IDENTIFIER = com.lemiao..SGTopScrollMenuUITests;
				PRODUCT_NAME = "$(TARGET_NAME)";
				TEST_TARGET_NAME = SGTopScrollMenu;
			};
			name = Release;
		};
/* End XCBuildConfiguration section */

/* Begin XCConfigurationList section */
		DF0FF2131D5F8CA600A5C384 /* Build configuration list for PBXProject "SGTopScrollMenu" */ = {
			isa = XCConfigurationList;
			buildConfigurations = (
				DF0FF2431D5F8CA600A5C384 /* Debug */,
				DF0FF2441D5F8CA600A5C384 /* Release */,
			);
			defaultConfigurationIsVisible = 0;
			defaultConfigurationName = Release;
		};
		DF0FF2451D5F8CA600A5C384 /* Build configuration list for PBXNativeTarget "SGTopScrollMenu" */ = {
			isa = XCConfigurationList;
			buildConfigurations = (
				DF0FF2461D5F8CA600A5C384 /* Debug */,
				DF0FF2471D5F8CA600A5C384 /* Release */,
			);
			defaultConfigurationIsVisible = 0;
			defaultConfigurationName = Release;
		};
		DF0FF2481D5F8CA600A5C384 /* Build configuration list for PBXNativeTarget "SGTopScrollMenuTests" */ = {
			isa = XCConfigurationList;
			buildConfigurations = (
				DF0FF2491D5F8CA600A5C384 /* Debug */,
				DF0FF24A1D5F8CA600A5C384 /* Release */,
			);
			defaultConfigurationIsVisible = 0;
			defaultConfigurationName = Release;
		};
		DF0FF24B1D5F8CA600A5C384 /* Build configuration list for PBXNativeTarget "SGTopScrollMenuUITests" */ = {
			isa = XCConfigurationList;
			buildConfigurations = (
				DF0FF24C1D5F8CA600A5C384 /* Debug */,
				DF0FF24D1D5F8CA600A5C384 /* Release */,
			);
			defaultConfigurationIsVisible = 0;
			defaultConfigurationName = Release;
		};
/* End XCConfigurationList section */
	};
	rootObject = DF0FF2101D5F8CA600A5C384 /* Project object */;
}
